
Microsoft Visual Studio Solution File, Format Version 12.00
# Visual Studio 2013
Project("{8BC9CEB8-8B4A-11D0-8D11-00A0C91BC942}") = "IslamicStarPatterns", "IslamicStarPatterns.vcxproj", "{A483F8D7-4D5C-4762-8B94-DD37AF837B8B}"
EndProject
Global
	GlobalSection(SolutionConfigurationPlatforms) = preSolution
		Debug|x64 = Debug|x64
		Release|x64 = Release|x64
	EndGlobalSection
	GlobalSection(ProjectConfigurationPlatforms) = postSolution
		{A483F8D7-4D5C-4762-8B94-DD37AF837B8B}.Debug|x64.ActiveCfg = Debug|x64
		{A483F8D7-4D5C-4762-8B94-DD37AF837B8B}.Debug|x64.Build.0 = Debug|x64
		{A483F8D7-4D5C-4762-8B94-DD37AF837B8B}.Release|x64.ActiveCfg = Release|x64
		{A483F8D7-4D5C-4762-8B94-DD37AF837B8B}.Release|x64.Build.0 = Release|x64
	EndGlobalSection
	GlobalSection(SolutionProperties) = preSolution
		HideSolutionNode = FALSE
	EndGlobalSection
EndGlobal
